
Microsoft Visual Studio Solution File, Format Version 12.00
# Visual Studio Version 17
VisualStudioVersion = 17.3.32728.150
MinimumVisualStudioVersion = 10.0.40219.1
Project("{9A19103F-16F7-4668-BE54-9A1E7A4F7556}") = "WindowsTest", "WindowsTest\WindowsTest.csproj", "{C0F4BA6B-C06C-4C3A-AD12-BF028A75C783}"
EndProject
Global
	GlobalSection(SolutionConfigurationPlatforms) = preSolution
		Debug|Any CPU = Debug|Any CPU
		Release|Any CPU = Release|Any CPU
	EndGlobalSection
	GlobalSection(ProjectConfigurationPlatforms) = postSolution
		{C0F4BA6B-C06C-4C3A-AD12-BF028A75C783}.Debug|Any CPU.ActiveCfg = Debug|Any CPU
		{C0F4BA6B-C06C-4C3A-AD12-BF028A75C783}.Debug|Any CPU.Build.0 = Debug|Any CPU
		{C0F4BA6B-C06C-4C3A-AD12-BF028A75C783}.Release|Any CPU.ActiveCfg = Release|Any CPU
		{C0F4BA6B-C06C-4C3A-AD12-BF028A75C783}.Release|Any CPU.Build.0 = Release|Any CPU
	EndGlobalSection
	GlobalSection(SolutionProperties) = preSolution
		HideSolutionNode = FALSE
	EndGlobalSection
	GlobalSection(ExtensibilityGlobals) = postSolution
		SolutionGuid = {159FE169-F359-4CAF-8E76-168B1D79F222}
	EndGlobalSection
EndGlobal
