
Microsoft Visual Studio Solution File, Format Version 12.00
# Visual Studio Version 17
VisualStudioVersion = 17.3.32901.215
MinimumVisualStudioVersion = 10.0.40219.1
Project("{FAE04EC0-301F-11D3-BF4B-00C04F79EFBC}") = "SeleniumTest", "SeleniumTest\SeleniumTest.csproj", "{5991BFB2-C6FF-4FA6-806C-24128FB1B307}"
EndProject
Global
	GlobalSection(SolutionConfigurationPlatforms) = preSolution
		Debug|Any CPU = Debug|Any CPU
		Release|Any CPU = Release|Any CPU
	EndGlobalSection
	GlobalSection(ProjectConfigurationPlatforms) = postSolution
		{5991BFB2-C6FF-4FA6-806C-24128FB1B307}.Debug|Any CPU.ActiveCfg = Debug|Any CPU
		{5991BFB2-C6FF-4FA6-806C-24128FB1B307}.Debug|Any CPU.Build.0 = Debug|Any CPU
		{5991BFB2-C6FF-4FA6-806C-24128FB1B307}.Release|Any CPU.ActiveCfg = Release|Any CPU
		{5991BFB2-C6FF-4FA6-806C-24128FB1B307}.Release|Any CPU.Build.0 = Release|Any CPU
	EndGlobalSection
	GlobalSection(SolutionProperties) = preSolution
		HideSolutionNode = FALSE
	EndGlobalSection
	GlobalSection(ExtensibilityGlobals) = postSolution
		SolutionGuid = {0D3FB650-9701-48AE-B0B4-7CE7A1CAEAF7}
	EndGlobalSection
EndGlobal
