
Microsoft Visual Studio Solution File, Format Version 12.00
# Visual Studio Version 17
VisualStudioVersion = 17.3.32901.215
MinimumVisualStudioVersion = 10.0.40219.1
Project("{9A19103F-16F7-4668-BE54-9A1E7A4F7556}") = "TestWithNUnitRefOnly", "TestWithNunitRefOnly\TestWithNUnitRefOnly.csproj", "{DA6ADAE6-1234-4787-9B7D-7713C48C0A37}"
EndProject
Project("{FAE04EC0-301F-11D3-BF4B-00C04F79EFBC}") = "TestWithAdditionalPackageRef", "TestWithAdditionalPackageRef\TestWithAdditionalPackageRef.csproj", "{871D735A-CE30-44D2-A65F-B3CAD6163DF7}"
EndProject
Global
	GlobalSection(SolutionConfigurationPlatforms) = preSolution
		Debug|Any CPU = Debug|Any CPU
		Release|Any CPU = Release|Any CPU
	EndGlobalSection
	GlobalSection(ProjectConfigurationPlatforms) = postSolution
		{DA6ADAE6-1234-4787-9B7D-7713C48C0A37}.Debug|Any CPU.ActiveCfg = Debug|Any CPU
		{DA6ADAE6-1234-4787-9B7D-7713C48C0A37}.Debug|Any CPU.Build.0 = Debug|Any CPU
		{DA6ADAE6-1234-4787-9B7D-7713C48C0A37}.Release|Any CPU.ActiveCfg = Release|Any CPU
		{DA6ADAE6-1234-4787-9B7D-7713C48C0A37}.Release|Any CPU.Build.0 = Release|Any CPU
		{871D735A-CE30-44D2-A65F-B3CAD6163DF7}.Debug|Any CPU.ActiveCfg = Debug|Any CPU
		{871D735A-CE30-44D2-A65F-B3CAD6163DF7}.Debug|Any CPU.Build.0 = Debug|Any CPU
		{871D735A-CE30-44D2-A65F-B3CAD6163DF7}.Release|Any CPU.ActiveCfg = Release|Any CPU
		{871D735A-CE30-44D2-A65F-B3CAD6163DF7}.Release|Any CPU.Build.0 = Release|Any CPU
	EndGlobalSection
	GlobalSection(SolutionProperties) = preSolution
		HideSolutionNode = FALSE
	EndGlobalSection
	GlobalSection(ExtensibilityGlobals) = postSolution
		SolutionGuid = {7C85C8B5-EBEF-46FB-BE52-0EC779FDBA3F}
	EndGlobalSection
EndGlobal
